<?xml version="1.0" encoding="utf-8"?>
<Project ToolsVersion="4.0" xmlns="http://schemas.microsoft.com/developer/msbuild/2003">
  <ItemGroup>
    <ClCompile Include="..\src\test_robinhood.cpp" />
    <ClCompile Include="..\src\3rdparty\sherwood_map\sherwood_map.cpp">
      <Filter>3rdparty</Filter>
    </ClCompile>
    <ClCompile Include="..\src\test.cpp" />
  </ItemGroup>
  <ItemGroup>
    <ClInclude Include="..\src\hopscotch.h" />
    <ClInclude Include="..\src\marsagliamwc99.h" />
    <ClInclude Include="..\src\robinhood.h" />
    <ClInclude Include="..\src\timer.h" />
    <ClInclude Include="..\src\3rdparty\sparsepp\sparsepp.h">
      <Filter>3rdparty</Filter>
    </ClInclude>
    <ClInclude Include="..\src\3rdparty\rigtorp\HashMap.h">
      <Filter>3rdparty</Filter>
    </ClInclude>
    <ClInclude Include="..\src\HopScotchAdaptive.h" />
    <ClInclude Include="..\src\RobinHoodInfobyteJumpheuristic.h" />
    <ClInclude Include="..\src\RobinHoodInfobyteQuadraticprobing.h" />
    <ClInclude Include="..\src\3rdparty\sherwood_map\sherwood_map.hpp">
      <Filter>3rdparty</Filter>
    </ClInclude>
    <ClInclude Include="..\src\RobinHoodInfobyte.hpp" />
    <ClInclude Include="..\src\RobinHoodInfobitsHashbits.h" />
    <ClInclude Include="..\src\RobinHoodInfobyte.h" />
    <ClInclude Include="..\src\RobinHoodInfobyteFastforward.h" />
    <ClInclude Include="..\src\RobinHoodInfobytePair.h" />
    <ClInclude Include="..\src\3rdparty\google\sparsehash\internal\densehashtable.h">
      <Filter>3rdparty</Filter>
    </ClInclude>
    <ClInclude Include="..\src\3rdparty\google\google\sparsehash\densehashtable.h">
      <Filter>3rdparty</Filter>
    </ClInclude>
    <ClInclude Include="..\src\XorShiftRng.h" />
    <ClInclude Include="..\src\MicroBenchmark.h" />
    <ClInclude Include="..\src\RobinHoodInfobytePairNoOverflow.h" />
    <ClInclude Include="..\src\Pcg32.h" />
    <ClInclude Include="..\src\XorShiftStar.h" />
    <ClInclude Include="..\src\XoRoShiRo128Plus.h" />
  </ItemGroup>
  <ItemGroup>
    <Filter Include="3rdparty">
      <UniqueIdentifier>{014d5385-67fe-4472-b08a-892c0e484e9f}</UniqueIdentifier>
    </Filter>
  </ItemGroup>
</Project>