
Microsoft Visual Studio Solution File, Format Version 11.00
# Visual Studio 2010
Project("{8BC9CEB8-8B4A-11D0-8D11-00A0C91BC942}") = "robinhood", "robinhood.vcxproj", "{F61F897C-D843-40B5-B140-F8946827C119}"
EndProject
Global
	GlobalSection(SolutionConfigurationPlatforms) = preSolution
		Debug|Win32 = Debug|Win32
		Release|Win32 = Release|Win32
	EndGlobalSection
	GlobalSection(ProjectConfigurationPlatforms) = postSolution
		{F61F897C-D843-40B5-B140-F8946827C119}.Debug|Win32.ActiveCfg = Debug|Win32
		{F61F897C-D843-40B5-B140-F8946827C119}.Debug|Win32.Build.0 = Debug|Win32
		{F61F897C-D843-40B5-B140-F8946827C119}.Release|Win32.ActiveCfg = Release|Win32
		{F61F897C-D843-40B5-B140-F8946827C119}.Release|Win32.Build.0 = Release|Win32
	EndGlobalSection
	GlobalSection(SolutionProperties) = preSolution
		HideSolutionNode = FALSE
	EndGlobalSection
EndGlobal
